
Microsoft Visual Studio Solution File, Format Version 12.00
# Visual Studio Version 17
VisualStudioVersion = 17.11.35219.272
MinimumVisualStudioVersion = 10.0.40219.1
Project("{9A19103F-16F7-4668-BE54-9A1E7A4F7556}") = "Project.BLL", "Project.BLL\Project.BLL.csproj", "{D4D8A1F8-F2C3-45BA-94E1-DB71AFA644FC}"
EndProject
Project("{9A19103F-16F7-4668-BE54-9A1E7A4F7556}") = "Project.DAL", "Project.DAL\Project.DAL.csproj", "{4320946B-46E1-4E8E-AAD2-A813AAF78000}"
EndProject
Project("{9A19103F-16F7-4668-BE54-9A1E7A4F7556}") = "Project.Apis", "Project.Apis\Project.Apis.csproj", "{F8FE44A5-4D53-4ADB-8F79-E4E7CE15EC61}"
EndProject
Project("{FAE04EC0-301F-11D3-BF4B-00C04F79EFBC}") = "Project.PL", "Project.PL\Project.PL.csproj", "{03ADC5A7-701E-43A7-A4B1-4B5F30DCDE5A}"
EndProject
Global
	GlobalSection(SolutionConfigurationPlatforms) = preSolution
		Debug|Any CPU = Debug|Any CPU
		Release|Any CPU = Release|Any CPU
	EndGlobalSection
	GlobalSection(ProjectConfigurationPlatforms) = postSolution
		{D4D8A1F8-F2C3-45BA-94E1-DB71AFA644FC}.Debug|Any CPU.ActiveCfg = Debug|Any CPU
		{D4D8A1F8-F2C3-45BA-94E1-DB71AFA644FC}.Debug|Any CPU.Build.0 = Debug|Any CPU
		{D4D8A1F8-F2C3-45BA-94E1-DB71AFA644FC}.Release|Any CPU.ActiveCfg = Release|Any CPU
		{D4D8A1F8-F2C3-45BA-94E1-DB71AFA644FC}.Release|Any CPU.Build.0 = Release|Any CPU
		{4320946B-46E1-4E8E-AAD2-A813AAF78000}.Debug|Any CPU.ActiveCfg = Debug|Any CPU
		{4320946B-46E1-4E8E-AAD2-A813AAF78000}.Debug|Any CPU.Build.0 = Debug|Any CPU
		{4320946B-46E1-4E8E-AAD2-A813AAF78000}.Release|Any CPU.ActiveCfg = Release|Any CPU
		{4320946B-46E1-4E8E-AAD2-A813AAF78000}.Release|Any CPU.Build.0 = Release|Any CPU
		{F8FE44A5-4D53-4ADB-8F79-E4E7CE15EC61}.Debug|Any CPU.ActiveCfg = Debug|Any CPU
		{F8FE44A5-4D53-4ADB-8F79-E4E7CE15EC61}.Debug|Any CPU.Build.0 = Debug|Any CPU
		{F8FE44A5-4D53-4ADB-8F79-E4E7CE15EC61}.Release|Any CPU.ActiveCfg = Release|Any CPU
		{F8FE44A5-4D53-4ADB-8F79-E4E7CE15EC61}.Release|Any CPU.Build.0 = Release|Any CPU
		{03ADC5A7-701E-43A7-A4B1-4B5F30DCDE5A}.Debug|Any CPU.ActiveCfg = Debug|Any CPU
		{03ADC5A7-701E-43A7-A4B1-4B5F30DCDE5A}.Debug|Any CPU.Build.0 = Debug|Any CPU
		{03ADC5A7-701E-43A7-A4B1-4B5F30DCDE5A}.Release|Any CPU.ActiveCfg = Release|Any CPU
		{03ADC5A7-701E-43A7-A4B1-4B5F30DCDE5A}.Release|Any CPU.Build.0 = Release|Any CPU
	EndGlobalSection
	GlobalSection(SolutionProperties) = preSolution
		HideSolutionNode = FALSE
	EndGlobalSection
	GlobalSection(ExtensibilityGlobals) = postSolution
		SolutionGuid = {1884A4CC-289C-413A-ABDD-91A94ADE4DD1}
	EndGlobalSection
EndGlobal
